// !$*UTF8*$!
{
	archiveVersion = 1;
	classes = {
	};
	objectVersion = 50;
	objects = {

/* Begin PBXBuildFile section */
		B42D33BB22045A67005D1023 /* AppDelegate.m in Sources */ = {isa = PBXBuildFile; fileRef = B42D33BA22045A67005D1023 /* AppDelegate.m */; };
		B42D33BE22045A67005D1023 /* ViewController.m in Sources */ = {isa = PBXBuildFile; fileRef = B42D33BD22045A67005D1023 /* ViewController.m */; };
		B42D33C122045A67005D1023 /* Main.storyboard in Resources */ = {isa = PBXBuildFile; fileRef = B42D33BF22045A67005D1023 /* Main.storyboard */; };
		B42D33C322045A68005D1023 /* Assets.xcassets in Resources */ = {isa = PBXBuildFile; fileRef = B42D33C222045A68005D1023 /* Assets.xcassets */; };
		B42D33C622045A68005D1023 /* LaunchScreen.storyboard in Resources */ = {isa = PBXBuildFile; fileRef = B42D33C422045A68005D1023 /* LaunchScreen.storyboard */; };
		B42D33C922045A68005D1023 /* main.m in Sources */ = {isa = PBXBuildFile; fileRef = B42D33C822045A68005D1023 /* main.m */; };
		B42D33D322045A68005D1023 /* YNCameraManagerTests.m in Sources */ = {isa = PBXBuildFile; fileRef = B42D33D222045A68005D1023 /* YNCameraManagerTests.m */; };
		B42D33DE22045A68005D1023 /* YNCameraManagerUITests.m in Sources */ = {isa = PBXBuildFile; fileRef = B42D33DD22045A68005D1023 /* YNCameraManagerUITests.m */; };
		B45BD6EA221D5D350089CCDD /* YNCameraManager.m in Sources */ = {isa = PBXBuildFile; fileRef = B45BD6E9221D5D350089CCDD /* YNCameraManager.m */; };
/* End PBXBuildFile section */

/* Begin PBXContainerItemProxy section */
		B42D33CF22045A68005D1023 /* PBXContainerItemProxy */ = {
			isa = PBXContainerItemProxy;
			containerPortal = B42D33AE22045A67005D1023 /* Project object */;
			proxyType = 1;
			remoteGlobalIDString = B42D33B522045A67005D1023;
			remoteInfo = YNCameraManager;
		};
		B42D33DA22045A68005D1023 /* PBXContainerItemProxy */ = {
			isa = PBXContainerItemProxy;
			containerPortal = B42D33AE22045A67005D1023 /* Project object */;
			proxyType = 1;
			remoteGlobalIDString = B42D33B522045A67005D1023;
			remoteInfo = YNCameraManager;
		};
/* End PBXContainerItemProxy section */

/* Begin PBXFileReference section */
		B42D33B622045A67005D1023 /* YNCameraManager.app */ = {isa = PBXFileReference; explicitFileType = wrapper.application; includeInIndex = 0; path = YNCameraManager.app; sourceTree = BUILT_PRODUCTS_DIR; };
		B42D33B922045A67005D1023 /* AppDelegate.h */ = {isa = PBXFileReference; lastKnownFileType = sourcecode.c.h; path = AppDelegate.h; sourceTree = "<group>"; };
		B42D33BA22045A67005D1023 /* AppDelegate.m */ = {isa = PBXFileReference; lastKnownFileType = sourcecode.c.objc; path = AppDelegate.m; sourceTree = "<group>"; };
		B42D33BC22045A67005D1023 /* ViewController.h */ = {isa = PBXFileReference; lastKnownFileType = sourcecode.c.h; path = ViewController.h; sourceTree = "<group>"; };
		B42D33BD22045A67005D1023 /* ViewController.m */ = {isa = PBXFileReference; lastKnownFileType = sourcecode.c.objc; path = ViewController.m; sourceTree = "<group>"; };
		B42D33C022045A67005D1023 /* Base */ = {isa = PBXFileReference; lastKnownFileType = file.storyboard; name = Base; path = Base.lproj/Main.storyboard; sourceTree = "<group>"; };
		B42D33C222045A68005D1023 /* Assets.xcassets */ = {isa = PBXFileReference; lastKnownFileType = folder.assetcatalog; path = Assets.xcassets; sourceTree = "<group>"; };
		B42D33C522045A68005D1023 /* Base */ = {isa = PBXFileReference; lastKnownFileType = file.storyboard; name = Base; path = Base.lproj/LaunchScreen.storyboard; sourceTree = "<group>"; };
		B42D33C722045A68005D1023 /* Info.plist */ = {isa = PBXFileReference; lastKnownFileType = text.plist.xml; path = Info.plist; sourceTree = "<group>"; };
		B42D33C822045A68005D1023 /* main.m */ = {isa = PBXFileReference; lastKnownFileType = sourcecode.c.objc; path = main.m; sourceTree = "<group>"; };
		B42D33CE22045A68005D1023 /* YNCameraManagerTests.xctest */ = {isa = PBXFileReference; explicitFileType = wrapper.cfbundle; includeInIndex = 0; path = YNCameraManagerTests.xctest; sourceTree = BUILT_PRODUCTS_DIR; };
		B42D33D222045A68005D1023 /* YNCameraManagerTests.m */ = {isa = PBXFileReference; lastKnownFileType = sourcecode.c.objc; path = YNCameraManagerTests.m; sourceTree = "<group>"; };
		B42D33D422045A68005D1023 /* Info.plist */ = {isa = PBXFileReference; lastKnownFileType = text.plist.xml; path = Info.plist; sourceTree = "<group>"; };
		B42D33D922045A68005D1023 /* YNCameraManagerUITests.xctest */ = {isa = PBXFileReference; explicitFileType = wrapper.cfbundle; includeInIndex = 0; path = YNCameraManagerUITests.xctest; sourceTree = BUILT_PRODUCTS_DIR; };
		B42D33DD22045A68005D1023 /* YNCameraManagerUITests.m */ = {isa = PBXFileReference; lastKnownFileType = sourcecode.c.objc; path = YNCameraManagerUITests.m; sourceTree = "<group>"; };
		B42D33DF22045A68005D1023 /* Info.plist */ = {isa = PBXFileReference; lastKnownFileType = text.plist.xml; path = Info.plist; sourceTree = "<group>"; };
		B45BD6E8221D5D350089CCDD /* YNCameraManager.h */ = {isa = PBXFileReference; fileEncoding = 4; lastKnownFileType = sourcecode.c.h; name = YNCameraManager.h; path = ../../YNCameraManager/YNCameraManager.h; sourceTree = "<group>"; };
		B45BD6E9221D5D350089CCDD /* YNCameraManager.m */ = {isa = PBXFileReference; fileEncoding = 4; lastKnownFileType = sourcecode.c.objc; name = YNCameraManager.m; path = ../../YNCameraManager/YNCameraManager.m; sourceTree = "<group>"; };
/* End PBXFileReference section */

/* Begin PBXFrameworksBuildPhase section */
		B42D33B322045A67005D1023 /* Frameworks */ = {
			isa = PBXFrameworksBuildPhase;
			buildActionMask = 2147483647;
			files = (
			);
			runOnlyForDeploymentPostprocessing = 0;
		};
		B42D33CB22045A68005D1023 /* Frameworks */ = {
			isa = PBXFrameworksBuildPhase;
			buildActionMask = 2147483647;
			files = (
			);
			runOnlyForDeploymentPostprocessing = 0;
		};
		B42D33D622045A68005D1023 /* Frameworks */ = {
			isa = PBXFrameworksBuildPhase;
			buildActionMask = 2147483647;
			files = (
			);
			runOnlyForDeploymentPostprocessing = 0;
		};
/* End PBXFrameworksBuildPhase section */

/* Begin PBXGroup section */
		B42D33AD22045A67005D1023 = {
			isa = PBXGroup;
			children = (
				B42D33B822045A67005D1023 /* YNCameraManager */,
				B42D33D122045A68005D1023 /* YNCameraManagerTests */,
				B42D33DC22045A68005D1023 /* YNCameraManagerUITests */,
				B42D33B722045A67005D1023 /* Products */,
			);
			sourceTree = "<group>";
		};
		B42D33B722045A67005D1023 /* Products */ = {
			isa = PBXGroup;
			children = (
				B42D33B622045A67005D1023 /* YNCameraManager.app */,
				B42D33CE22045A68005D1023 /* YNCameraManagerTests.xctest */,
				B42D33D922045A68005D1023 /* YNCameraManagerUITests.xctest */,
			);
			name = Products;
			sourceTree = "<group>";
		};
		B42D33B822045A67005D1023 /* YNCameraManager */ = {
			isa = PBXGroup;
			children = (
				B45BD6E8221D5D350089CCDD /* YNCameraManager.h */,
				B45BD6E9221D5D350089CCDD /* YNCameraManager.m */,
				B42D33B922045A67005D1023 /* AppDelegate.h */,
				B42D33BA22045A67005D1023 /* AppDelegate.m */,
				B42D33BC22045A67005D1023 /* ViewController.h */,
				B42D33BD22045A67005D1023 /* ViewController.m */,
				B42D33BF22045A67005D1023 /* Main.storyboard */,
				B42D33C222045A68005D1023 /* Assets.xcassets */,
				B42D33C422045A68005D1023 /* LaunchScreen.storyboard */,
				B42D33C722045A68005D1023 /* Info.plist */,
				B42D33C822045A68005D1023 /* main.m */,
			);
			path = YNCameraManager;
			sourceTree = "<group>";
		};
		B42D33D122045A68005D1023 /* YNCameraManagerTests */ = {
			isa = PBXGroup;
			children = (
				B42D33D222045A68005D1023 /* YNCameraManagerTests.m */,
				B42D33D422045A68005D1023 /* Info.plist */,
			);
			path = YNCameraManagerTests;
			sourceTree = "<group>";
		};
		B42D33DC22045A68005D1023 /* YNCameraManagerUITests */ = {
			isa = PBXGroup;
			children = (
				B42D33DD22045A68005D1023 /* YNCameraManagerUITests.m */,
				B42D33DF22045A68005D1023 /* Info.plist */,
			);
			path = YNCameraManagerUITests;
			sourceTree = "<group>";
		};
/* End PBXGroup section */

/* Begin PBXNativeTarget section */
		B42D33B522045A67005D1023 /* YNCameraManager */ = {
			isa = PBXNativeTarget;
			buildConfigurationList = B42D33E222045A68005D1023 /* Build configuration list for PBXNativeTarget "YNCameraManager" */;
			buildPhases = (
				B42D33B222045A67005D1023 /* Sources */,
				B42D33B322045A67005D1023 /* Frameworks */,
				B42D33B422045A67005D1023 /* Resources */,
			);
			buildRules = (
			);
			dependencies = (
			);
			name = YNCameraManager;
			productName = YNCameraManager;
			productReference = B42D33B622045A67005D1023 /* YNCameraManager.app */;
			productType = "com.apple.product-type.application";
		};
		B42D33CD22045A68005D1023 /* YNCameraManagerTests */ = {
			isa = PBXNativeTarget;
			buildConfigurationList = B42D33E522045A68005D1023 /* Build configuration list for PBXNativeTarget "YNCameraManagerTests" */;
			buildPhases = (
				B42D33CA22045A68005D1023 /* Sources */,
				B42D33CB22045A68005D1023 /* Frameworks */,
				B42D33CC22045A68005D1023 /* Resources */,
			);
			buildRules = (
			);
			dependencies = (
				B42D33D022045A68005D1023 /* PBXTargetDependency */,
			);
			name = YNCameraManagerTests;
			productName = YNCameraManagerTests;
			productReference = B42D33CE22045A68005D1023 /* YNCameraManagerTests.xctest */;
			productType = "com.apple.product-type.bundle.unit-test";
		};
		B42D33D822045A68005D1023 /* YNCameraManagerUITests */ = {
			isa = PBXNativeTarget;
			buildConfigurationList = B42D33E822045A68005D1023 /* Build configuration list for PBXNativeTarget "YNCameraManagerUITests" */;
			buildPhases = (
				B42D33D522045A68005D1023 /* Sources */,
				B42D33D622045A68005D1023 /* Frameworks */,
				B42D33D722045A68005D1023 /* Resources */,
			);
			buildRules = (
			);
			dependencies = (
				B42D33DB22045A68005D1023 /* PBXTargetDependency */,
			);
			name = YNCameraManagerUITests;
			productName = YNCameraManagerUITests;
			productReference = B42D33D922045A68005D1023 /* YNCameraManagerUITests.xctest */;
			productType = "com.apple.product-type.bundle.ui-testing";
		};
/* End PBXNativeTarget section */

/* Begin PBXProject section */
		B42D33AE22045A67005D1023 /* Project object */ = {
			isa = PBXProject;
			attributes = {
				LastUpgradeCheck = 1010;
				ORGANIZATIONNAME = liyang;
				TargetAttributes = {
					B42D33B522045A67005D1023 = {
						CreatedOnToolsVersion = 10.1;
					};
					B42D33CD22045A68005D1023 = {
						CreatedOnToolsVersion = 10.1;
						TestTargetID = B42D33B522045A67005D1023;
					};
					B42D33D822045A68005D1023 = {
						CreatedOnToolsVersion = 10.1;
						TestTargetID = B42D33B522045A67005D1023;
					};
				};
			};
			buildConfigurationList = B42D33B122045A67005D1023 /* Build configuration list for PBXProject "YNCameraManager" */;
			compatibilityVersion = "Xcode 9.3";
			developmentRegion = en;
			hasScannedForEncodings = 0;
			knownRegions = (
				en,
				Base,
			);
			mainGroup = B42D33AD22045A67005D1023;
			productRefGroup = B42D33B722045A67005D1023 /* Products */;
			projectDirPath = "";
			projectRoot = "";
			targets = (
				B42D33B522045A67005D1023 /* YNCameraManager */,
				B42D33CD22045A68005D1023 /* YNCameraManagerTests */,
				B42D33D822045A68005D1023 /* YNCameraManagerUITests */,
			);
		};
/* End PBXProject section */

/* Begin PBXResourcesBuildPhase section */
		B42D33B422045A67005D1023 /* Resources */ = {
			isa = PBXResourcesBuildPhase;
			buildActionMask = 2147483647;
			files = (
				B42D33C622045A68005D1023 /* LaunchScreen.storyboard in Resources */,
				B42D33C322045A68005D1023 /* Assets.xcassets in Resources */,
				B42D33C122045A67005D1023 /* Main.storyboard in Resources */,
			);
			runOnlyForDeploymentPostprocessing = 0;
		};
		B42D33CC22045A68005D1023 /* Resources */ = {
			isa = PBXResourcesBuildPhase;
			buildActionMask = 2147483647;
			files = (
			);
			runOnlyForDeploymentPostprocessing = 0;
		};
		B42D33D722045A68005D1023 /* Resources */ = {
			isa = PBXResourcesBuildPhase;
			buildActionMask = 2147483647;
			files = (
			);
			runOnlyForDeploymentPostprocessing = 0;
		};
/* End PBXResourcesBuildPhase section */

/* Begin PBXSourcesBuildPhase section */
		B42D33B222045A67005D1023 /* Sources */ = {
			isa = PBXSourcesBuildPhase;
			buildActionMask = 2147483647;
			files = (
				B42D33BE22045A67005D1023 /* ViewController.m in Sources */,
				B42D33C922045A68005D1023 /* main.m in Sources */,
				B42D33BB22045A67005D1023 /* AppDelegate.m in Sources */,
				B45BD6EA221D5D350089CCDD /* YNCameraManager.m in Sources */,
			);
			runOnlyForDeploymentPostprocessing = 0;
		};
		B42D33CA22045A68005D1023 /* Sources */ = {
			isa = PBXSourcesBuildPhase;
			buildActionMask = 2147483647;
			files = (
				B42D33D322045A68005D1023 /* YNCameraManagerTests.m in Sources */,
			);
			runOnlyForDeploymentPostprocessing = 0;
		};
		B42D33D522045A68005D1023 /* Sources */ = {
			isa = PBXSourcesBuildPhase;
			buildActionMask = 2147483647;
			files = (
				B42D33DE22045A68005D1023 /* YNCameraManagerUITests.m in Sources */,
			);
			runOnlyForDeploymentPostprocessing = 0;
		};
/* End PBXSourcesBuildPhase section */

/* Begin PBXTargetDependency section */
		B42D33D022045A68005D1023 /* PBXTargetDependency */ = {
			isa = PBXTargetDependency;
			target = B42D33B522045A67005D1023 /* YNCameraManager */;
			targetProxy = B42D33CF22045A68005D1023 /* PBXContainerItemProxy */;
		};
		B42D33DB22045A68005D1023 /* PBXTargetDependency */ = {
			isa = PBXTargetDependency;
			target = B42D33B522045A67005D1023 /* YNCameraManager */;
			targetProxy = B42D33DA22045A68005D1023 /* PBXContainerItemProxy */;
		};
/* End PBXTargetDependency section */

/* Begin PBXVariantGroup section */
		B42D33BF22045A67005D1023 /* Main.storyboard */ = {
			isa = PBXVariantGroup;
			children = (
				B42D33C022045A67005D1023 /* Base */,
			);
			name = Main.storyboard;
			sourceTree = "<group>";
		};
		B42D33C422045A68005D1023 /* LaunchScreen.storyboard */ = {
			isa = PBXVariantGroup;
			children = (
				B42D33C522045A68005D1023 /* Base */,
			);
			name = LaunchScreen.storyboard;
			sourceTree = "<group>";
		};
/* End PBXVariantGroup section */

/* Begin XCBuildConfiguration section */
		B42D33E022045A68005D1023 /* Debug */ = {
			isa = XCBuildConfiguration;
			buildSettings = {
				ALWAYS_SEARCH_USER_PATHS = NO;
				CLANG_ANALYZER_NONNULL = YES;
				CLANG_ANALYZER_NUMBER_OBJECT_CONVERSION = YES_AGGRESSIVE;
				CLANG_CXX_LANGUAGE_STANDARD = "gnu++14";
				CLANG_CXX_LIBRARY = "libc++";
				CLANG_ENABLE_MODULES = YES;
				CLANG_ENABLE_OBJC_ARC = YES;
				CLANG_ENABLE_OBJC_WEAK = YES;
				CLANG_WARN_BLOCK_CAPTURE_AUTORELEASING = YES;
				CLANG_WARN_BOOL_CONVERSION = YES;
				CLANG_WARN_COMMA = YES;
				CLANG_WARN_CONSTANT_CONVERSION = YES;
				CLANG_WARN_DEPRECATED_OBJC_IMPLEMENTATIONS = YES;
				CLANG_WARN_DIRECT_OBJC_ISA_USAGE = YES_ERROR;
				CLANG_WARN_DOCUMENTATION_COMMENTS = YES;
				CLANG_WARN_EMPTY_BODY = YES;
				CLANG_WARN_ENUM_CONVERSION = YES;
				CLANG_WARN_INFINITE_RECURSION = YES;
				CLANG_WARN_INT_CONVERSION = YES;
				CLANG_WARN_NON_LITERAL_NULL_CONVERSION = YES;
				CLANG_WARN_OBJC_IMPLICIT_RETAIN_SELF = YES;
				CLANG_WARN_OBJC_LITERAL_CONVERSION = YES;
				CLANG_WARN_OBJC_ROOT_CLASS = YES_ERROR;
				CLANG_WARN_RANGE_LOOP_ANALYSIS = YES;
				CLANG_WARN_STRICT_PROTOTYPES = YES;
				CLANG_WARN_SUSPICIOUS_MOVE = YES;
				CLANG_WARN_UNGUARDED_AVAILABILITY = YES_AGGRESSIVE;
				CLANG_WARN_UNREACHABLE_CODE = YES;
				CLANG_WARN__DUPLICATE_METHOD_MATCH = YES;
				CODE_SIGN_IDENTITY = "iPhone Developer";
				COPY_PHASE_STRIP = NO;
				DEBUG_INFORMATION_FORMAT = dwarf;
				ENABLE_STRICT_OBJC_MSGSEND = YES;
				ENABLE_TESTABILITY = YES;
				GCC_C_LANGUAGE_STANDARD = gnu11;
				GCC_DYNAMIC_NO_PIC = NO;
				GCC_NO_COMMON_BLOCKS = YES;
				GCC_OPTIMIZATION_LEVEL = 0;
				GCC_PREPROCESSOR_DEFINITIONS = (
					"DEBUG=1",
					"$(inherited)",
				);
				GCC_WARN_64_TO_32_BIT_CONVERSION = YES;
				GCC_WARN_ABOUT_RETURN_TYPE = YES_ERROR;
				GCC_WARN_UNDECLARED_SELECTOR = YES;
				GCC_WARN_UNINITIALIZED_AUTOS = YES_AGGRESSIVE;
				GCC_WARN_UNUSED_FUNCTION = YES;
				GCC_WARN_UNUSED_VARIABLE = YES;
				IPHONEOS_DEPLOYMENT_TARGET = 12.1;
				MTL_ENABLE_DEBUG_INFO = INCLUDE_SOURCE;
				MTL_FAST_MATH = YES;
				ONLY_ACTIVE_ARCH = YES;
				SDKROOT = iphoneos;
			};
			name = Debug;
		};
		B42D33E122045A68005D1023 /* Release */ = {
			isa = XCBuildConfiguration;
			buildSettings = {
				ALWAYS_SEARCH_USER_PATHS = NO;
				CLANG_ANALYZER_NONNULL = YES;
				CLANG_ANALYZER_NUMBER_OBJECT_CONVERSION = YES_AGGRESSIVE;
				CLANG_CXX_LANGUAGE_STANDARD = "gnu++14";
				CLANG_CXX_LIBRARY = "libc++";
				CLANG_ENABLE_MODULES = YES;
				CLANG_ENABLE_OBJC_ARC = YES;
				CLANG_ENABLE_OBJC_WEAK = YES;
				CLANG_WARN_BLOCK_CAPTURE_AUTORELEASING = YES;
				CLANG_WARN_BOOL_CONVERSION = YES;
				CLANG_WARN_COMMA = YES;
				CLANG_WARN_CONSTANT_CONVERSION = YES;
				CLANG_WARN_DEPRECATED_OBJC_IMPLEMENTATIONS = YES;
				CLANG_WARN_DIRECT_OBJC_ISA_USAGE = YES_ERROR;
				CLANG_WARN_DOCUMENTATION_COMMENTS = YES;
				CLANG_WARN_EMPTY_BODY = YES;
				CLANG_WARN_ENUM_CONVERSION = YES;
				CLANG_WARN_INFINITE_RECURSION = YES;
				CLANG_WARN_INT_CONVERSION = YES;
				CLANG_WARN_NON_LITERAL_NULL_CONVERSION = YES;
				CLANG_WARN_OBJC_IMPLICIT_RETAIN_SELF = YES;
				CLANG_WARN_OBJC_LITERAL_CONVERSION = YES;
				CLANG_WARN_OBJC_ROOT_CLASS = YES_ERROR;
				CLANG_WARN_RANGE_LOOP_ANALYSIS = YES;
				CLANG_WARN_STRICT_PROTOTYPES = YES;
				CLANG_WARN_SUSPICIOUS_MOVE = YES;
				CLANG_WARN_UNGUARDED_AVAILABILITY = YES_AGGRESSIVE;
				CLANG_WARN_UNREACHABLE_CODE = YES;
				CLANG_WARN__DUPLICATE_METHOD_MATCH = YES;
				CODE_SIGN_IDENTITY = "iPhone Developer";
				COPY_PHASE_STRIP = NO;
				DEBUG_INFORMATION_FORMAT = "dwarf-with-dsym";
				ENABLE_NS_ASSERTIONS = NO;
				ENABLE_STRICT_OBJC_MSGSEND = YES;
				GCC_C_LANGUAGE_STANDARD = gnu11;
				GCC_NO_COMMON_BLOCKS = YES;
				GCC_WARN_64_TO_32_BIT_CONVERSION = YES;
				GCC_WARN_ABOUT_RETURN_TYPE = YES_ERROR;
				GCC_WARN_UNDECLARED_SELECTOR = YES;
				GCC_WARN_UNINITIALIZED_AUTOS = YES_AGGRESSIVE;
				GCC_WARN_UNUSED_FUNCTION = YES;
				GCC_WARN_UNUSED_VARIABLE = YES;
				IPHONEOS_DEPLOYMENT_TARGET = 12.1;
				MTL_ENABLE_DEBUG_INFO = NO;
				MTL_FAST_MATH = YES;
				SDKROOT = iphoneos;
				VALIDATE_PRODUCT = YES;
			};
			name = Release;
		};
		B42D33E322045A68005D1023 /* Debug */ = {
			isa = XCBuildConfiguration;
			buildSettings = {
				ASSETCATALOG_COMPILER_APPICON_NAME = AppIcon;
				CODE_SIGN_STYLE = Automatic;
				DEVELOPMENT_TEAM = D56T97Z29X;
				INFOPLIST_FILE = YNCameraManager/Info.plist;
				LD_RUNPATH_SEARCH_PATHS = (
					"$(inherited)",
					"@executable_path/Frameworks",
				);
				PRODUCT_BUNDLE_IDENTIFIER = com.liyang.YNCameraManager;
				PRODUCT_NAME = "$(TARGET_NAME)";
				TARGETED_DEVICE_FAMILY = "1,2";
			};
			name = Debug;
		};
		B42D33E422045A68005D1023 /* Release */ = {
			isa = XCBuildConfiguration;
			buildSettings = {
				ASSETCATALOG_COMPILER_APPICON_NAME = AppIcon;
				CODE_SIGN_STYLE = Automatic;
				DEVELOPMENT_TEAM = D56T97Z29X;
				INFOPLIST_FILE = YNCameraManager/Info.plist;
				LD_RUNPATH_SEARCH_PATHS = (
					"$(inherited)",
					"@executable_path/Frameworks",
				);
				PRODUCT_BUNDLE_IDENTIFIER = com.liyang.YNCameraManager;
				PRODUCT_NAME = "$(TARGET_NAME)";
				TARGETED_DEVICE_FAMILY = "1,2";
			};
			name = Release;
		};
		B42D33E622045A68005D1023 /* Debug */ = {
			isa = XCBuildConfiguration;
			buildSettings = {
				BUNDLE_LOADER = "$(TEST_HOST)";
				CODE_SIGN_STYLE = Automatic;
				DEVELOPMENT_TEAM = D56T97Z29X;
				INFOPLIST_FILE = YNCameraManagerTests/Info.plist;
				LD_RUNPATH_SEARCH_PATHS = (
					"$(inherited)",
					"@executable_path/Frameworks",
					"@loader_path/Frameworks",
				);
				PRODUCT_BUNDLE_IDENTIFIER = com.liyang.YNCameraManagerTests;
				PRODUCT_NAME = "$(TARGET_NAME)";
				TARGETED_DEVICE_FAMILY = "1,2";
				TEST_HOST = "$(BUILT_PRODUCTS_DIR)/YNCameraManager.app/YNCameraManager";
			};
			name = Debug;
		};
		B42D33E722045A68005D1023 /* Release */ = {
			isa = XCBuildConfiguration;
			buildSettings = {
				BUNDLE_LOADER = "$(TEST_HOST)";
				CODE_SIGN_STYLE = Automatic;
				DEVELOPMENT_TEAM = D56T97Z29X;
				INFOPLIST_FILE = YNCameraManagerTests/Info.plist;
				LD_RUNPATH_SEARCH_PATHS = (
					"$(inherited)",
					"@executable_path/Frameworks",
					"@loader_path/Frameworks",
				);
				PRODUCT_BUNDLE_IDENTIFIER = com.liyang.YNCameraManagerTests;
				PRODUCT_NAME = "$(TARGET_NAME)";
				TARGETED_DEVICE_FAMILY = "1,2";
				TEST_HOST = "$(BUILT_PRODUCTS_DIR)/YNCameraManager.app/YNCameraManager";
			};
			name = Release;
		};
		B42D33E922045A68005D1023 /* Debug */ = {
			isa = XCBuildConfiguration;
			buildSettings = {
				CODE_SIGN_STYLE = Automatic;
				DEVELOPMENT_TEAM = D56T97Z29X;
				INFOPLIST_FILE = YNCameraManagerUITests/Info.plist;
				LD_RUNPATH_SEARCH_PATHS = (
					"$(inherited)",
					"@executable_path/Frameworks",
					"@loader_path/Frameworks",
				);
				PRODUCT_BUNDLE_IDENTIFIER = com.liyang.YNCameraManagerUITests;
				PRODUCT_NAME = "$(TARGET_NAME)";
				TARGETED_DEVICE_FAMILY = "1,2";
				TEST_TARGET_NAME = YNCameraManager;
			};
			name = Debug;
		};
		B42D33EA22045A68005D1023 /* Release */ = {
			isa = XCBuildConfiguration;
			buildSettings = {
				CODE_SIGN_STYLE = Automatic;
				DEVELOPMENT_TEAM = D56T97Z29X;
				INFOPLIST_FILE = YNCameraManagerUITests/Info.plist;
				LD_RUNPATH_SEARCH_PATHS = (
					"$(inherited)",
					"@executable_path/Frameworks",
					"@loader_path/Frameworks",
				);
				PRODUCT_BUNDLE_IDENTIFIER = com.liyang.YNCameraManagerUITests;
				PRODUCT_NAME = "$(TARGET_NAME)";
				TARGETED_DEVICE_FAMILY = "1,2";
				TEST_TARGET_NAME = YNCameraManager;
			};
			name = Release;
		};
/* End XCBuildConfiguration section */

/* Begin XCConfigurationList section */
		B42D33B122045A67005D1023 /* Build configuration list for PBXProject "YNCameraManager" */ = {
			isa = XCConfigurationList;
			buildConfigurations = (
				B42D33E022045A68005D1023 /* Debug */,
				B42D33E122045A68005D1023 /* Release */,
			);
			defaultConfigurationIsVisible = 0;
			defaultConfigurationName = Release;
		};
		B42D33E222045A68005D1023 /* Build configuration list for PBXNativeTarget "YNCameraManager" */ = {
			isa = XCConfigurationList;
			buildConfigurations = (
				B42D33E322045A68005D1023 /* Debug */,
				B42D33E422045A68005D1023 /* Release */,
			);
			defaultConfigurationIsVisible = 0;
			defaultConfigurationName = Release;
		};
		B42D33E522045A68005D1023 /* Build configuration list for PBXNativeTarget "YNCameraManagerTests" */ = {
			isa = XCConfigurationList;
			buildConfigurations = (
				B42D33E622045A68005D1023 /* Debug */,
				B42D33E722045A68005D1023 /* Release */,
			);
			defaultConfigurationIsVisible = 0;
			defaultConfigurationName = Release;
		};
		B42D33E822045A68005D1023 /* Build configuration list for PBXNativeTarget "YNCameraManagerUITests" */ = {
			isa = XCConfigurationList;
			buildConfigurations = (
				B42D33E922045A68005D1023 /* Debug */,
				B42D33EA22045A68005D1023 /* Release */,
			);
			defaultConfigurationIsVisible = 0;
			defaultConfigurationName = Release;
		};
/* End XCConfigurationList section */
	};
	rootObject = B42D33AE22045A67005D1023 /* Project object */;
}
